{
  "lib/forge-std": {
    "tag": {
      "name": "v1.16.2",
      "rev": "bf647bd6046f2f7da30d0c2bf435e5c76a780c1b"
    }
  },
  "lib/hookmate": {
    "tag": {
      "name": "v0.6.0",
      "rev": "ef3e9845e0b2bc9cd5810644d7d337b00c47bc75"
    }
  },
  "lib/uniswap-hooks": {
    "tag": {
      "name": "v1.2.1",
      "rev": "acbd604c409a827f7f98c9517236da860c4fca1a"
    }
  }
}